
Microsoft Visual Studio Solution File, Format Version 12.00
# Visual Studio Version 17
VisualStudioVersion = 17.4.33205.214
MinimumVisualStudioVersion = 10.0.40219.1
Project("{9A19103F-16F7-4668-BE54-9A1E7A4F7556}") = "Session1", "Session1\Session1.csproj", "{04B0C05C-29CE-447B-BE28-ED059D5DDAE0}"
EndProject
Project("{9A19103F-16F7-4668-BE54-9A1E7A4F7556}") = "Soild", "Soild\Soild.csproj", "{B4BA2CE5-D4D9-4F27-8631-25807C5FA474}"
EndProject
Project("{FAE04EC0-301F-11D3-BF4B-00C04F79EFBC}") = "Builder", "Builder\Builder.csproj", "{688C16F4-938C-476D-88DB-3EE367069306}"
EndProject
Global
	GlobalSection(SolutionConfigurationPlatforms) = preSolution
		Debug|Any CPU = Debug|Any CPU
		Release|Any CPU = Release|Any CPU
	EndGlobalSection
	GlobalSection(ProjectConfigurationPlatforms) = postSolution
		{04B0C05C-29CE-447B-BE28-ED059D5DDAE0}.Debug|Any CPU.ActiveCfg = Debug|Any CPU
		{04B0C05C-29CE-447B-BE28-ED059D5DDAE0}.Debug|Any CPU.Build.0 = Debug|Any CPU
		{04B0C05C-29CE-447B-BE28-ED059D5DDAE0}.Release|Any CPU.ActiveCfg = Release|Any CPU
		{04B0C05C-29CE-447B-BE28-ED059D5DDAE0}.Release|Any CPU.Build.0 = Release|Any CPU
		{B4BA2CE5-D4D9-4F27-8631-25807C5FA474}.Debug|Any CPU.ActiveCfg = Debug|Any CPU
		{B4BA2CE5-D4D9-4F27-8631-25807C5FA474}.Debug|Any CPU.Build.0 = Debug|Any CPU
		{B4BA2CE5-D4D9-4F27-8631-25807C5FA474}.Release|Any CPU.ActiveCfg = Release|Any CPU
		{B4BA2CE5-D4D9-4F27-8631-25807C5FA474}.Release|Any CPU.Build.0 = Release|Any CPU
		{688C16F4-938C-476D-88DB-3EE367069306}.Debug|Any CPU.ActiveCfg = Debug|Any CPU
		{688C16F4-938C-476D-88DB-3EE367069306}.Debug|Any CPU.Build.0 = Debug|Any CPU
		{688C16F4-938C-476D-88DB-3EE367069306}.Release|Any CPU.ActiveCfg = Release|Any CPU
		{688C16F4-938C-476D-88DB-3EE367069306}.Release|Any CPU.Build.0 = Release|Any CPU
	EndGlobalSection
	GlobalSection(SolutionProperties) = preSolution
		HideSolutionNode = FALSE
	EndGlobalSection
	GlobalSection(ExtensibilityGlobals) = postSolution
		SolutionGuid = {132D47F0-443B-442B-AEB9-86C47A421E82}
	EndGlobalSection
EndGlobal
